
Microsoft Visual Studio Solution File, Format Version 12.00
# Visual Studio Version 17
VisualStudioVersion = 17.8.34316.72
MinimumVisualStudioVersion = 10.0.40219.1
Project("{9A19103F-16F7-4668-BE54-9A1E7A4F7556}") = "BSUIR_Lab_2", "BSUIR_Lab_2.csproj", "{2318D3E6-C22F-41BE-8E1A-243C49B37C85}"
EndProject
Global
	GlobalSection(SolutionConfigurationPlatforms) = preSolution
		Debug|Any CPU = Debug|Any CPU
		Release|Any CPU = Release|Any CPU
	EndGlobalSection
	GlobalSection(ProjectConfigurationPlatforms) = postSolution
		{2318D3E6-C22F-41BE-8E1A-243C49B37C85}.Debug|Any CPU.ActiveCfg = Debug|Any CPU
		{2318D3E6-C22F-41BE-8E1A-243C49B37C85}.Debug|Any CPU.Build.0 = Debug|Any CPU
		{2318D3E6-C22F-41BE-8E1A-243C49B37C85}.Release|Any CPU.ActiveCfg = Release|Any CPU
		{2318D3E6-C22F-41BE-8E1A-243C49B37C85}.Release|Any CPU.Build.0 = Release|Any CPU
	EndGlobalSection
	GlobalSection(SolutionProperties) = preSolution
		HideSolutionNode = FALSE
	EndGlobalSection
	GlobalSection(ExtensibilityGlobals) = postSolution
		SolutionGuid = {981E4F13-A1D3-4251-9009-F4E17884E7FE}
	EndGlobalSection
EndGlobal
